
Microsoft Visual Studio Solution File, Format Version 12.00
# Visual Studio 14
VisualStudioVersion = 14.0.25420.1
MinimumVisualStudioVersion = 10.0.40219.1
Project("{FAE04EC0-301F-11D3-BF4B-00C04F79EFBC}") = "EpubReader.Core", "EpubReader.Core\EpubReader.Core.csproj", "{5C2566B9-80F0-4DB2-AA73-7227485E7230}"
EndProject
Project("{FAE04EC0-301F-11D3-BF4B-00C04F79EFBC}") = "EpubReader.Core.Tests", "EpubReader.Core.Tests\EpubReader.Core.Tests.csproj", "{81062A0F-4678-4B92-8F86-F9BBE496427E}"
EndProject
Global
	GlobalSection(SolutionConfigurationPlatforms) = preSolution
		Debug|Any CPU = Debug|Any CPU
		Release|Any CPU = Release|Any CPU
	EndGlobalSection
	GlobalSection(ProjectConfigurationPlatforms) = postSolution
		{5C2566B9-80F0-4DB2-AA73-7227485E7230}.Debug|Any CPU.ActiveCfg = Debug|Any CPU
		{5C2566B9-80F0-4DB2-AA73-7227485E7230}.Debug|Any CPU.Build.0 = Debug|Any CPU
		{5C2566B9-80F0-4DB2-AA73-7227485E7230}.Release|Any CPU.ActiveCfg = Release|Any CPU
		{5C2566B9-80F0-4DB2-AA73-7227485E7230}.Release|Any CPU.Build.0 = Release|Any CPU
		{81062A0F-4678-4B92-8F86-F9BBE496427E}.Debug|Any CPU.ActiveCfg = Debug|Any CPU
		{81062A0F-4678-4B92-8F86-F9BBE496427E}.Debug|Any CPU.Build.0 = Debug|Any CPU
		{81062A0F-4678-4B92-8F86-F9BBE496427E}.Release|Any CPU.ActiveCfg = Release|Any CPU
		{81062A0F-4678-4B92-8F86-F9BBE496427E}.Release|Any CPU.Build.0 = Release|Any CPU
	EndGlobalSection
	GlobalSection(SolutionProperties) = preSolution
		HideSolutionNode = FALSE
	EndGlobalSection
EndGlobal
